
Microsoft Visual Studio Solution File, Format Version 12.00
# Visual Studio Version 17
VisualStudioVersion = 17.0.32112.339
MinimumVisualStudioVersion = 10.0.40219.1
Project("{FAE04EC0-301F-11D3-BF4B-00C04F79EFBC}") = "ProjectTakeAway", "ProjectTakeAway\ProjectTakeAway.csproj", "{0938ED8D-3130-41C6-8A4E-06FA9B10C5F4}"
EndProject
Global
	GlobalSection(SolutionConfigurationPlatforms) = preSolution
		Debug|Any CPU = Debug|Any CPU
		Release|Any CPU = Release|Any CPU
	EndGlobalSection
	GlobalSection(ProjectConfigurationPlatforms) = postSolution
		{0938ED8D-3130-41C6-8A4E-06FA9B10C5F4}.Debug|Any CPU.ActiveCfg = Debug|Any CPU
		{0938ED8D-3130-41C6-8A4E-06FA9B10C5F4}.Debug|Any CPU.Build.0 = Debug|Any CPU
		{0938ED8D-3130-41C6-8A4E-06FA9B10C5F4}.Release|Any CPU.ActiveCfg = Release|Any CPU
		{0938ED8D-3130-41C6-8A4E-06FA9B10C5F4}.Release|Any CPU.Build.0 = Release|Any CPU
	EndGlobalSection
	GlobalSection(SolutionProperties) = preSolution
		HideSolutionNode = FALSE
	EndGlobalSection
	GlobalSection(ExtensibilityGlobals) = postSolution
		SolutionGuid = {FEDB8148-8635-4476-A0DE-35FF042604A0}
	EndGlobalSection
EndGlobal
